
Microsoft Visual Studio Solution File, Format Version 12.00
# Visual Studio Version 17
VisualStudioVersion = 17.12.35506.116 d17.12
MinimumVisualStudioVersion = 10.0.40219.1
Project("{FAE04EC0-301F-11D3-BF4B-00C04F79EFBC}") = "GMMLauncher", "GMMLauncher\GMMLauncher.csproj", "{CCFCA277-3DD7-4CB7-A707-9984F05A3B39}"
EndProject
Project("{FAE04EC0-301F-11D3-BF4B-00C04F79EFBC}") = "GMMBackend", "GMMBackend\GMMBackend.csproj", "{5B85265E-FBD9-4932-A3BE-550D7FD3A3D6}"
EndProject
Global
	GlobalSection(SolutionConfigurationPlatforms) = preSolution
		Debug|Any CPU = Debug|Any CPU
		Release|Any CPU = Release|Any CPU
	EndGlobalSection
	GlobalSection(ProjectConfigurationPlatforms) = postSolution
		{CCFCA277-3DD7-4CB7-A707-9984F05A3B39}.Debug|Any CPU.ActiveCfg = Debug|Any CPU
		{CCFCA277-3DD7-4CB7-A707-9984F05A3B39}.Debug|Any CPU.Build.0 = Debug|Any CPU
		{CCFCA277-3DD7-4CB7-A707-9984F05A3B39}.Release|Any CPU.ActiveCfg = Release|Any CPU
		{CCFCA277-3DD7-4CB7-A707-9984F05A3B39}.Release|Any CPU.Build.0 = Release|Any CPU
		{5B85265E-FBD9-4932-A3BE-550D7FD3A3D6}.Debug|Any CPU.ActiveCfg = Debug|Any CPU
		{5B85265E-FBD9-4932-A3BE-550D7FD3A3D6}.Debug|Any CPU.Build.0 = Debug|Any CPU
		{5B85265E-FBD9-4932-A3BE-550D7FD3A3D6}.Release|Any CPU.ActiveCfg = Release|Any CPU
		{5B85265E-FBD9-4932-A3BE-550D7FD3A3D6}.Release|Any CPU.Build.0 = Release|Any CPU
	EndGlobalSection
	GlobalSection(SolutionProperties) = preSolution
		HideSolutionNode = FALSE
	EndGlobalSection
EndGlobal
